<?xml version="1.0" encoding="utf-8"?>
<Project ToolsVersion="16.0" xmlns="http://schemas.microsoft.com/developer/msbuild/2003">
  <ItemGroup>
    <ClCompile Include="C:\Users\Jakub\Desktop\studia\ZPR\ZPR\ZPR\ZPR_autogen\mocs_compilation.cpp">
      <Filter>Source Files</Filter>
    </ClCompile>
    <ClCompile Include="C:\Users\Jakub\Desktop\studia\ZPR\ZPR\ZPR\main.cpp">
      <Filter>Source Files</Filter>
    </ClCompile>
    <ClCompile Include="C:\Users\Jakub\Desktop\studia\ZPR\ZPR\ZPR\Test.cpp">
      <Filter>Source Files</Filter>
    </ClCompile>
    <ClCompile Include="C:\Users\Jakub\Desktop\studia\ZPR\ZPR\ZPR\ZPR.cpp">
      <Filter>Source Files</Filter>
    </ClCompile>
    <ClCompile Include="C:\Users\Jakub\Desktop\studia\ZPR\ZPR\ZPR\ZPR_autogen\EWIEGA46WW\qrc_ZPR.cpp">
      <Filter>Source Files</Filter>
    </ClCompile>
  </ItemGroup>
  <ItemGroup>
    <CustomBuild Include="C:\Users\Jakub\Desktop\studia\ZPR\ZPR\ZPR\CMakeFiles\0995707f585d6f7643c75965ae130113\qrc_ZPR.cpp.rule">
      <Filter>CMake Rules</Filter>
    </CustomBuild>
    <CustomBuild Include="C:\Users\Jakub\Desktop\studia\ZPR\ZPR\ZPR\CMakeLists.txt" />
  </ItemGroup>
  <ItemGroup>
    <None Include="C:\Users\Jakub\Desktop\studia\ZPR\ZPR\ZPR\ZPR.ui" />
    <None Include="C:\Users\Jakub\Desktop\studia\ZPR\ZPR\ZPR\ZPR.qrc" />
  </ItemGroup>
  <ItemGroup>
    <Filter Include="CMake Rules">
      <UniqueIdentifier>{F4188A32-91B1-3D99-9A75-7D578F756281}</UniqueIdentifier>
    </Filter>
    <Filter Include="Source Files">
      <UniqueIdentifier>{486735C9-8688-3CC3-A12E-8BDC6A6484B7}</UniqueIdentifier>
    </Filter>
  </ItemGroup>
</Project>
