Microsoft Visual Studio Solution File, Format Version 12.00
# Visual Studio 16
Project("{8BC9CEB8-8B4A-11D0-8D11-00A0C91BC942}") = "ALL_BUILD", "ALL_BUILD.vcxproj", "{3828DADA-92F3-3EA2-A984-478D524194D4}"
	ProjectSection(ProjectDependencies) = postProject
		{6CF7F89B-0256-3090-8718-78AB76E851C3} = {6CF7F89B-0256-3090-8718-78AB76E851C3}
		{AB61FB20-BD49-359D-B81B-2A949BA7A3C7} = {AB61FB20-BD49-359D-B81B-2A949BA7A3C7}
	EndProjectSection
EndProject
Project("{8BC9CEB8-8B4A-11D0-8D11-00A0C91BC942}") = "ZERO_CHECK", "ZERO_CHECK.vcxproj", "{6CF7F89B-0256-3090-8718-78AB76E851C3}"
	ProjectSection(ProjectDependencies) = postProject
	EndProjectSection
EndProject
Project("{8BC9CEB8-8B4A-11D0-8D11-00A0C91BC942}") = "ZPR", "ZPR.vcxproj", "{AB61FB20-BD49-359D-B81B-2A949BA7A3C7}"
	ProjectSection(ProjectDependencies) = postProject
		{6CF7F89B-0256-3090-8718-78AB76E851C3} = {6CF7F89B-0256-3090-8718-78AB76E851C3}
	EndProjectSection
EndProject
Global
	GlobalSection(SolutionConfigurationPlatforms) = preSolution
		Debug|x64 = Debug|x64
		Release|x64 = Release|x64
		MinSizeRel|x64 = MinSizeRel|x64
		RelWithDebInfo|x64 = RelWithDebInfo|x64
	EndGlobalSection
	GlobalSection(ProjectConfigurationPlatforms) = postSolution
		{3828DADA-92F3-3EA2-A984-478D524194D4}.Debug|x64.ActiveCfg = Debug|x64
		{3828DADA-92F3-3EA2-A984-478D524194D4}.Release|x64.ActiveCfg = Release|x64
		{3828DADA-92F3-3EA2-A984-478D524194D4}.MinSizeRel|x64.ActiveCfg = MinSizeRel|x64
		{3828DADA-92F3-3EA2-A984-478D524194D4}.RelWithDebInfo|x64.ActiveCfg = RelWithDebInfo|x64
		{6CF7F89B-0256-3090-8718-78AB76E851C3}.Debug|x64.ActiveCfg = Debug|x64
		{6CF7F89B-0256-3090-8718-78AB76E851C3}.Debug|x64.Build.0 = Debug|x64
		{6CF7F89B-0256-3090-8718-78AB76E851C3}.Release|x64.ActiveCfg = Release|x64
		{6CF7F89B-0256-3090-8718-78AB76E851C3}.Release|x64.Build.0 = Release|x64
		{6CF7F89B-0256-3090-8718-78AB76E851C3}.MinSizeRel|x64.ActiveCfg = MinSizeRel|x64
		{6CF7F89B-0256-3090-8718-78AB76E851C3}.MinSizeRel|x64.Build.0 = MinSizeRel|x64
		{6CF7F89B-0256-3090-8718-78AB76E851C3}.RelWithDebInfo|x64.ActiveCfg = RelWithDebInfo|x64
		{6CF7F89B-0256-3090-8718-78AB76E851C3}.RelWithDebInfo|x64.Build.0 = RelWithDebInfo|x64
		{AB61FB20-BD49-359D-B81B-2A949BA7A3C7}.Debug|x64.ActiveCfg = Debug|x64
		{AB61FB20-BD49-359D-B81B-2A949BA7A3C7}.Debug|x64.Build.0 = Debug|x64
		{AB61FB20-BD49-359D-B81B-2A949BA7A3C7}.Release|x64.ActiveCfg = Release|x64
		{AB61FB20-BD49-359D-B81B-2A949BA7A3C7}.Release|x64.Build.0 = Release|x64
		{AB61FB20-BD49-359D-B81B-2A949BA7A3C7}.MinSizeRel|x64.ActiveCfg = MinSizeRel|x64
		{AB61FB20-BD49-359D-B81B-2A949BA7A3C7}.MinSizeRel|x64.Build.0 = MinSizeRel|x64
		{AB61FB20-BD49-359D-B81B-2A949BA7A3C7}.RelWithDebInfo|x64.ActiveCfg = RelWithDebInfo|x64
		{AB61FB20-BD49-359D-B81B-2A949BA7A3C7}.RelWithDebInfo|x64.Build.0 = RelWithDebInfo|x64
	EndGlobalSection
	GlobalSection(ExtensibilityGlobals) = postSolution
		SolutionGuid = {EFC9F5DF-1CC7-30DF-B02D-DCF1EC4C29F9}
	EndGlobalSection
	GlobalSection(ExtensibilityAddIns) = postSolution
	EndGlobalSection
EndGlobal
